// !$*UTF8*$!
{
	archiveVersion = 1;
	classes = {
	};
	objectVersion = 56;
	objects = {

/* Begin PBXBuildFile section */
		7AA8CB4429B989810029D033 /* CollectionInteractorTest.swift in Sources */ = {isa = PBXBuildFile; fileRef = 7AA8CB4329B989810029D033 /* CollectionInteractorTest.swift */; };
		7AA8CB4629B9A9450029D033 /* ItemPresenterTest.swift in Sources */ = {isa = PBXBuildFile; fileRef = 7AA8CB4529B9A9450029D033 /* ItemPresenterTest.swift */; };
		7AA8CB4829B9B4860029D033 /* CollectionPresenterTest.swift in Sources */ = {isa = PBXBuildFile; fileRef = 7AA8CB4729B9B4860029D033 /* CollectionPresenterTest.swift */; };
		7AA8CB4A29B9C0D10029D033 /* ImageCollectionViewLayout.swift in Sources */ = {isa = PBXBuildFile; fileRef = 7AA8CB4929B9C0D10029D033 /* ImageCollectionViewLayout.swift */; };
		7AFDF57729B82A9F0013C779 /* AppDelegate.swift in Sources */ = {isa = PBXBuildFile; fileRef = 7AFDF57629B82A9F0013C779 /* AppDelegate.swift */; };
		7AFDF58029B82AA00013C779 /* Assets.xcassets in Resources */ = {isa = PBXBuildFile; fileRef = 7AFDF57F29B82AA00013C779 /* Assets.xcassets */; };
		7AFDF58E29B82AA00013C779 /* ItemInteractorTest.swift in Sources */ = {isa = PBXBuildFile; fileRef = 7AFDF58D29B82AA00013C779 /* ItemInteractorTest.swift */; };
		7AFDF5AC29B832640013C779 /* Entity.swift in Sources */ = {isa = PBXBuildFile; fileRef = 7AFDF5AB29B832640013C779 /* Entity.swift */; };
		7AFDF5AE29B8354E0013C779 /* CollectionViewController.swift in Sources */ = {isa = PBXBuildFile; fileRef = 7AFDF5AD29B8354E0013C779 /* CollectionViewController.swift */; };
		7AFDF5B029B836670013C779 /* ItemCell.swift in Sources */ = {isa = PBXBuildFile; fileRef = 7AFDF5AF29B836670013C779 /* ItemCell.swift */; };
		7AFDF5B229B83A470013C779 /* Launch Screen.storyboard in Resources */ = {isa = PBXBuildFile; fileRef = 7AFDF5B129B83A470013C779 /* Launch Screen.storyboard */; };
		7AFDF5B429B83F5A0013C779 /* CollectionRouter.swift in Sources */ = {isa = PBXBuildFile; fileRef = 7AFDF5B329B83F5A0013C779 /* CollectionRouter.swift */; };
		7AFDF5B929B841D90013C779 /* CollectionPresenter.swift in Sources */ = {isa = PBXBuildFile; fileRef = 7AFDF5B829B841D90013C779 /* CollectionPresenter.swift */; };
		7AFDF5BB29B844A80013C779 /* ItemPresenter.swift in Sources */ = {isa = PBXBuildFile; fileRef = 7AFDF5BA29B844A80013C779 /* ItemPresenter.swift */; };
		7AFDF5BE29B8513C0013C779 /* CollectionInteractor.swift in Sources */ = {isa = PBXBuildFile; fileRef = 7AFDF5BD29B8513C0013C779 /* CollectionInteractor.swift */; };
		7AFDF5C029B868140013C779 /* ItemInteractor.swift in Sources */ = {isa = PBXBuildFile; fileRef = 7AFDF5BF29B868140013C779 /* ItemInteractor.swift */; };
/* End PBXBuildFile section */

/* Begin PBXContainerItemProxy section */
		7AFDF58A29B82AA00013C779 /* PBXContainerItemProxy */ = {
			isa = PBXContainerItemProxy;
			containerPortal = 7AFDF56B29B82A9F0013C779 /* Project object */;
			proxyType = 1;
			remoteGlobalIDString = 7AFDF57229B82A9F0013C779;
			remoteInfo = UnsplashTest;
		};
/* End PBXContainerItemProxy section */

/* Begin PBXFileReference section */
		7AA8CB4329B989810029D033 /* CollectionInteractorTest.swift */ = {isa = PBXFileReference; lastKnownFileType = sourcecode.swift; path = CollectionInteractorTest.swift; sourceTree = "<group>"; };
		7AA8CB4529B9A9450029D033 /* ItemPresenterTest.swift */ = {isa = PBXFileReference; lastKnownFileType = sourcecode.swift; path = ItemPresenterTest.swift; sourceTree = "<group>"; };
		7AA8CB4729B9B4860029D033 /* CollectionPresenterTest.swift */ = {isa = PBXFileReference; lastKnownFileType = sourcecode.swift; path = CollectionPresenterTest.swift; sourceTree = "<group>"; };
		7AA8CB4929B9C0D10029D033 /* ImageCollectionViewLayout.swift */ = {isa = PBXFileReference; lastKnownFileType = sourcecode.swift; path = ImageCollectionViewLayout.swift; sourceTree = "<group>"; };
		7AFDF57329B82A9F0013C779 /* UnsplashTest.app */ = {isa = PBXFileReference; explicitFileType = wrapper.application; includeInIndex = 0; path = UnsplashTest.app; sourceTree = BUILT_PRODUCTS_DIR; };
		7AFDF57629B82A9F0013C779 /* AppDelegate.swift */ = {isa = PBXFileReference; lastKnownFileType = sourcecode.swift; path = AppDelegate.swift; sourceTree = "<group>"; };
		7AFDF57F29B82AA00013C779 /* Assets.xcassets */ = {isa = PBXFileReference; lastKnownFileType = folder.assetcatalog; path = Assets.xcassets; sourceTree = "<group>"; };
		7AFDF58429B82AA00013C779 /* Info.plist */ = {isa = PBXFileReference; lastKnownFileType = text.plist.xml; path = Info.plist; sourceTree = "<group>"; };
		7AFDF58929B82AA00013C779 /* UnsplashTestTests.xctest */ = {isa = PBXFileReference; explicitFileType = wrapper.cfbundle; includeInIndex = 0; path = UnsplashTestTests.xctest; sourceTree = BUILT_PRODUCTS_DIR; };
		7AFDF58D29B82AA00013C779 /* ItemInteractorTest.swift */ = {isa = PBXFileReference; lastKnownFileType = sourcecode.swift; path = ItemInteractorTest.swift; sourceTree = "<group>"; };
		7AFDF5AB29B832640013C779 /* Entity.swift */ = {isa = PBXFileReference; lastKnownFileType = sourcecode.swift; path = Entity.swift; sourceTree = "<group>"; };
		7AFDF5AD29B8354E0013C779 /* CollectionViewController.swift */ = {isa = PBXFileReference; lastKnownFileType = sourcecode.swift; path = CollectionViewController.swift; sourceTree = "<group>"; };
		7AFDF5AF29B836670013C779 /* ItemCell.swift */ = {isa = PBXFileReference; lastKnownFileType = sourcecode.swift; path = ItemCell.swift; sourceTree = "<group>"; };
		7AFDF5B129B83A470013C779 /* Launch Screen.storyboard */ = {isa = PBXFileReference; lastKnownFileType = file.storyboard; path = "Launch Screen.storyboard"; sourceTree = "<group>"; };
		7AFDF5B329B83F5A0013C779 /* CollectionRouter.swift */ = {isa = PBXFileReference; lastKnownFileType = sourcecode.swift; path = CollectionRouter.swift; sourceTree = "<group>"; };
		7AFDF5B829B841D90013C779 /* CollectionPresenter.swift */ = {isa = PBXFileReference; lastKnownFileType = sourcecode.swift; path = CollectionPresenter.swift; sourceTree = "<group>"; };
		7AFDF5BA29B844A80013C779 /* ItemPresenter.swift */ = {isa = PBXFileReference; lastKnownFileType = sourcecode.swift; path = ItemPresenter.swift; sourceTree = "<group>"; };
		7AFDF5BD29B8513C0013C779 /* CollectionInteractor.swift */ = {isa = PBXFileReference; lastKnownFileType = sourcecode.swift; path = CollectionInteractor.swift; sourceTree = "<group>"; };
		7AFDF5BF29B868140013C779 /* ItemInteractor.swift */ = {isa = PBXFileReference; lastKnownFileType = sourcecode.swift; path = ItemInteractor.swift; sourceTree = "<group>"; };
/* End PBXFileReference section */

/* Begin PBXFrameworksBuildPhase section */
		7AFDF57029B82A9F0013C779 /* Frameworks */ = {
			isa = PBXFrameworksBuildPhase;
			buildActionMask = 2147483647;
			files = (
			);
			runOnlyForDeploymentPostprocessing = 0;
		};
		7AFDF58629B82AA00013C779 /* Frameworks */ = {
			isa = PBXFrameworksBuildPhase;
			buildActionMask = 2147483647;
			files = (
			);
			runOnlyForDeploymentPostprocessing = 0;
		};
/* End PBXFrameworksBuildPhase section */

/* Begin PBXGroup section */
		7AFDF56A29B82A9F0013C779 = {
			isa = PBXGroup;
			children = (
				7AFDF57529B82A9F0013C779 /* UnsplashTest */,
				7AFDF58C29B82AA00013C779 /* UnsplashTestTests */,
				7AFDF57429B82A9F0013C779 /* Products */,
			);
			sourceTree = "<group>";
		};
		7AFDF57429B82A9F0013C779 /* Products */ = {
			isa = PBXGroup;
			children = (
				7AFDF57329B82A9F0013C779 /* UnsplashTest.app */,
				7AFDF58929B82AA00013C779 /* UnsplashTestTests.xctest */,
			);
			name = Products;
			sourceTree = "<group>";
		};
		7AFDF57529B82A9F0013C779 /* UnsplashTest */ = {
			isa = PBXGroup;
			children = (
				7AFDF5AA29B832520013C779 /* Views */,
				7AFDF5BC29B851070013C779 /* Interactors */,
				7AFDF5B729B841C40013C779 /* Presenters */,
				7AFDF5AB29B832640013C779 /* Entity.swift */,
				7AFDF5C329B898A60013C779 /* Routers */,
				7AFDF57629B82A9F0013C779 /* AppDelegate.swift */,
				7AFDF57F29B82AA00013C779 /* Assets.xcassets */,
				7AFDF58429B82AA00013C779 /* Info.plist */,
				7AFDF5B129B83A470013C779 /* Launch Screen.storyboard */,
			);
			path = UnsplashTest;
			sourceTree = "<group>";
		};
		7AFDF58C29B82AA00013C779 /* UnsplashTestTests */ = {
			isa = PBXGroup;
			children = (
				7AFDF58D29B82AA00013C779 /* ItemInteractorTest.swift */,
				7AA8CB4329B989810029D033 /* CollectionInteractorTest.swift */,
				7AA8CB4529B9A9450029D033 /* ItemPresenterTest.swift */,
				7AA8CB4729B9B4860029D033 /* CollectionPresenterTest.swift */,
			);
			path = UnsplashTestTests;
			sourceTree = "<group>";
		};
		7AFDF5AA29B832520013C779 /* Views */ = {
			isa = PBXGroup;
			children = (
				7AFDF5AD29B8354E0013C779 /* CollectionViewController.swift */,
				7AFDF5AF29B836670013C779 /* ItemCell.swift */,
				7AA8CB4929B9C0D10029D033 /* ImageCollectionViewLayout.swift */,
			);
			path = Views;
			sourceTree = "<group>";
		};
		7AFDF5B729B841C40013C779 /* Presenters */ = {
			isa = PBXGroup;
			children = (
				7AFDF5B829B841D90013C779 /* CollectionPresenter.swift */,
				7AFDF5BA29B844A80013C779 /* ItemPresenter.swift */,
			);
			path = Presenters;
			sourceTree = "<group>";
		};
		7AFDF5BC29B851070013C779 /* Interactors */ = {
			isa = PBXGroup;
			children = (
				7AFDF5BD29B8513C0013C779 /* CollectionInteractor.swift */,
				7AFDF5BF29B868140013C779 /* ItemInteractor.swift */,
			);
			path = Interactors;
			sourceTree = "<group>";
		};
		7AFDF5C329B898A60013C779 /* Routers */ = {
			isa = PBXGroup;
			children = (
				7AFDF5B329B83F5A0013C779 /* CollectionRouter.swift */,
			);
			path = Routers;
			sourceTree = "<group>";
		};
/* End PBXGroup section */

/* Begin PBXNativeTarget section */
		7AFDF57229B82A9F0013C779 /* UnsplashTest */ = {
			isa = PBXNativeTarget;
			buildConfigurationList = 7AFDF59D29B82AA00013C779 /* Build configuration list for PBXNativeTarget "UnsplashTest" */;
			buildPhases = (
				7AFDF56F29B82A9F0013C779 /* Sources */,
				7AFDF57029B82A9F0013C779 /* Frameworks */,
				7AFDF57129B82A9F0013C779 /* Resources */,
			);
			buildRules = (
			);
			dependencies = (
			);
			name = UnsplashTest;
			productName = UnsplashTest;
			productReference = 7AFDF57329B82A9F0013C779 /* UnsplashTest.app */;
			productType = "com.apple.product-type.application";
		};
		7AFDF58829B82AA00013C779 /* UnsplashTestTests */ = {
			isa = PBXNativeTarget;
			buildConfigurationList = 7AFDF5A029B82AA00013C779 /* Build configuration list for PBXNativeTarget "UnsplashTestTests" */;
			buildPhases = (
				7AFDF58529B82AA00013C779 /* Sources */,
				7AFDF58629B82AA00013C779 /* Frameworks */,
				7AFDF58729B82AA00013C779 /* Resources */,
			);
			buildRules = (
			);
			dependencies = (
				7AFDF58B29B82AA00013C779 /* PBXTargetDependency */,
			);
			name = UnsplashTestTests;
			productName = UnsplashTestTests;
			productReference = 7AFDF58929B82AA00013C779 /* UnsplashTestTests.xctest */;
			productType = "com.apple.product-type.bundle.unit-test";
		};
/* End PBXNativeTarget section */

/* Begin PBXProject section */
		7AFDF56B29B82A9F0013C779 /* Project object */ = {
			isa = PBXProject;
			attributes = {
				BuildIndependentTargetsInParallel = 1;
				LastSwiftUpdateCheck = 1410;
				LastUpgradeCheck = 1410;
				TargetAttributes = {
					7AFDF57229B82A9F0013C779 = {
						CreatedOnToolsVersion = 14.1;
					};
					7AFDF58829B82AA00013C779 = {
						CreatedOnToolsVersion = 14.1;
						TestTargetID = 7AFDF57229B82A9F0013C779;
					};
				};
			};
			buildConfigurationList = 7AFDF56E29B82A9F0013C779 /* Build configuration list for PBXProject "UnsplashTest" */;
			compatibilityVersion = "Xcode 14.0";
			developmentRegion = en;
			hasScannedForEncodings = 0;
			knownRegions = (
				en,
				Base,
			);
			mainGroup = 7AFDF56A29B82A9F0013C779;
			productRefGroup = 7AFDF57429B82A9F0013C779 /* Products */;
			projectDirPath = "";
			projectRoot = "";
			targets = (
				7AFDF57229B82A9F0013C779 /* UnsplashTest */,
				7AFDF58829B82AA00013C779 /* UnsplashTestTests */,
			);
		};
/* End PBXProject section */

/* Begin PBXResourcesBuildPhase section */
		7AFDF57129B82A9F0013C779 /* Resources */ = {
			isa = PBXResourcesBuildPhase;
			buildActionMask = 2147483647;
			files = (
				7AFDF5B229B83A470013C779 /* Launch Screen.storyboard in Resources */,
				7AFDF58029B82AA00013C779 /* Assets.xcassets in Resources */,
			);
			runOnlyForDeploymentPostprocessing = 0;
		};
		7AFDF58729B82AA00013C779 /* Resources */ = {
			isa = PBXResourcesBuildPhase;
			buildActionMask = 2147483647;
			files = (
			);
			runOnlyForDeploymentPostprocessing = 0;
		};
/* End PBXResourcesBuildPhase section */

/* Begin PBXSourcesBuildPhase section */
		7AFDF56F29B82A9F0013C779 /* Sources */ = {
			isa = PBXSourcesBuildPhase;
			buildActionMask = 2147483647;
			files = (
				7AA8CB4A29B9C0D10029D033 /* ImageCollectionViewLayout.swift in Sources */,
				7AFDF5C029B868140013C779 /* ItemInteractor.swift in Sources */,
				7AFDF5AE29B8354E0013C779 /* CollectionViewController.swift in Sources */,
				7AFDF5BB29B844A80013C779 /* ItemPresenter.swift in Sources */,
				7AFDF57729B82A9F0013C779 /* AppDelegate.swift in Sources */,
				7AFDF5B929B841D90013C779 /* CollectionPresenter.swift in Sources */,
				7AFDF5BE29B8513C0013C779 /* CollectionInteractor.swift in Sources */,
				7AFDF5B429B83F5A0013C779 /* CollectionRouter.swift in Sources */,
				7AFDF5AC29B832640013C779 /* Entity.swift in Sources */,
				7AFDF5B029B836670013C779 /* ItemCell.swift in Sources */,
			);
			runOnlyForDeploymentPostprocessing = 0;
		};
		7AFDF58529B82AA00013C779 /* Sources */ = {
			isa = PBXSourcesBuildPhase;
			buildActionMask = 2147483647;
			files = (
				7AA8CB4829B9B4860029D033 /* CollectionPresenterTest.swift in Sources */,
				7AA8CB4429B989810029D033 /* CollectionInteractorTest.swift in Sources */,
				7AA8CB4629B9A9450029D033 /* ItemPresenterTest.swift in Sources */,
				7AFDF58E29B82AA00013C779 /* ItemInteractorTest.swift in Sources */,
			);
			runOnlyForDeploymentPostprocessing = 0;
		};
/* End PBXSourcesBuildPhase section */

/* Begin PBXTargetDependency section */
		7AFDF58B29B82AA00013C779 /* PBXTargetDependency */ = {
			isa = PBXTargetDependency;
			target = 7AFDF57229B82A9F0013C779 /* UnsplashTest */;
			targetProxy = 7AFDF58A29B82AA00013C779 /* PBXContainerItemProxy */;
		};
/* End PBXTargetDependency section */

/* Begin XCBuildConfiguration section */
		7AFDF59B29B82AA00013C779 /* Debug */ = {
			isa = XCBuildConfiguration;
			buildSettings = {
				ALWAYS_SEARCH_USER_PATHS = NO;
				CLANG_ANALYZER_NONNULL = YES;
				CLANG_ANALYZER_NUMBER_OBJECT_CONVERSION = YES_AGGRESSIVE;
				CLANG_CXX_LANGUAGE_STANDARD = "gnu++20";
				CLANG_ENABLE_MODULES = YES;
				CLANG_ENABLE_OBJC_ARC = YES;
				CLANG_ENABLE_OBJC_WEAK = YES;
				CLANG_WARN_BLOCK_CAPTURE_AUTORELEASING = YES;
				CLANG_WARN_BOOL_CONVERSION = YES;
				CLANG_WARN_COMMA = YES;
				CLANG_WARN_CONSTANT_CONVERSION = YES;
				CLANG_WARN_DEPRECATED_OBJC_IMPLEMENTATIONS = YES;
				CLANG_WARN_DIRECT_OBJC_ISA_USAGE = YES_ERROR;
				CLANG_WARN_DOCUMENTATION_COMMENTS = YES;
				CLANG_WARN_EMPTY_BODY = YES;
				CLANG_WARN_ENUM_CONVERSION = YES;
				CLANG_WARN_INFINITE_RECURSION = YES;
				CLANG_WARN_INT_CONVERSION = YES;
				CLANG_WARN_NON_LITERAL_NULL_CONVERSION = YES;
				CLANG_WARN_OBJC_IMPLICIT_RETAIN_SELF = YES;
				CLANG_WARN_OBJC_LITERAL_CONVERSION = YES;
				CLANG_WARN_OBJC_ROOT_CLASS = YES_ERROR;
				CLANG_WARN_QUOTED_INCLUDE_IN_FRAMEWORK_HEADER = YES;
				CLANG_WARN_RANGE_LOOP_ANALYSIS = YES;
				CLANG_WARN_STRICT_PROTOTYPES = YES;
				CLANG_WARN_SUSPICIOUS_MOVE = YES;
				CLANG_WARN_UNGUARDED_AVAILABILITY = YES_AGGRESSIVE;
				CLANG_WARN_UNREACHABLE_CODE = YES;
				CLANG_WARN__DUPLICATE_METHOD_MATCH = YES;
				COPY_PHASE_STRIP = NO;
				DEBUG_INFORMATION_FORMAT = dwarf;
				ENABLE_STRICT_OBJC_MSGSEND = YES;
				ENABLE_TESTABILITY = YES;
				GCC_C_LANGUAGE_STANDARD = gnu11;
				GCC_DYNAMIC_NO_PIC = NO;
				GCC_NO_COMMON_BLOCKS = YES;
				GCC_OPTIMIZATION_LEVEL = 0;
				GCC_PREPROCESSOR_DEFINITIONS = (
					"DEBUG=1",
					"$(inherited)",
				);
				GCC_WARN_64_TO_32_BIT_CONVERSION = YES;
				GCC_WARN_ABOUT_RETURN_TYPE = YES_ERROR;
				GCC_WARN_UNDECLARED_SELECTOR = YES;
				GCC_WARN_UNINITIALIZED_AUTOS = YES_AGGRESSIVE;
				GCC_WARN_UNUSED_FUNCTION = YES;
				GCC_WARN_UNUSED_VARIABLE = YES;
				IPHONEOS_DEPLOYMENT_TARGET = 16.1;
				MTL_ENABLE_DEBUG_INFO = INCLUDE_SOURCE;
				MTL_FAST_MATH = YES;
				ONLY_ACTIVE_ARCH = YES;
				SDKROOT = iphoneos;
				SWIFT_ACTIVE_COMPILATION_CONDITIONS = DEBUG;
				SWIFT_OPTIMIZATION_LEVEL = "-Onone";
			};
			name = Debug;
		};
		7AFDF59C29B82AA00013C779 /* Release */ = {
			isa = XCBuildConfiguration;
			buildSettings = {
				ALWAYS_SEARCH_USER_PATHS = NO;
				CLANG_ANALYZER_NONNULL = YES;
				CLANG_ANALYZER_NUMBER_OBJECT_CONVERSION = YES_AGGRESSIVE;
				CLANG_CXX_LANGUAGE_STANDARD = "gnu++20";
				CLANG_ENABLE_MODULES = YES;
				CLANG_ENABLE_OBJC_ARC = YES;
				CLANG_ENABLE_OBJC_WEAK = YES;
				CLANG_WARN_BLOCK_CAPTURE_AUTORELEASING = YES;
				CLANG_WARN_BOOL_CONVERSION = YES;
				CLANG_WARN_COMMA = YES;
				CLANG_WARN_CONSTANT_CONVERSION = YES;
				CLANG_WARN_DEPRECATED_OBJC_IMPLEMENTATIONS = YES;
				CLANG_WARN_DIRECT_OBJC_ISA_USAGE = YES_ERROR;
				CLANG_WARN_DOCUMENTATION_COMMENTS = YES;
				CLANG_WARN_EMPTY_BODY = YES;
				CLANG_WARN_ENUM_CONVERSION = YES;
				CLANG_WARN_INFINITE_RECURSION = YES;
				CLANG_WARN_INT_CONVERSION = YES;
				CLANG_WARN_NON_LITERAL_NULL_CONVERSION = YES;
				CLANG_WARN_OBJC_IMPLICIT_RETAIN_SELF = YES;
				CLANG_WARN_OBJC_LITERAL_CONVERSION = YES;
				CLANG_WARN_OBJC_ROOT_CLASS = YES_ERROR;
				CLANG_WARN_QUOTED_INCLUDE_IN_FRAMEWORK_HEADER = YES;
				CLANG_WARN_RANGE_LOOP_ANALYSIS = YES;
				CLANG_WARN_STRICT_PROTOTYPES = YES;
				CLANG_WARN_SUSPICIOUS_MOVE = YES;
				CLANG_WARN_UNGUARDED_AVAILABILITY = YES_AGGRESSIVE;
				CLANG_WARN_UNREACHABLE_CODE = YES;
				CLANG_WARN__DUPLICATE_METHOD_MATCH = YES;
				COPY_PHASE_STRIP = NO;
				DEBUG_INFORMATION_FORMAT = "dwarf-with-dsym";
				ENABLE_NS_ASSERTIONS = NO;
				ENABLE_STRICT_OBJC_MSGSEND = YES;
				GCC_C_LANGUAGE_STANDARD = gnu11;
				GCC_NO_COMMON_BLOCKS = YES;
				GCC_WARN_64_TO_32_BIT_CONVERSION = YES;
				GCC_WARN_ABOUT_RETURN_TYPE = YES_ERROR;
				GCC_WARN_UNDECLARED_SELECTOR = YES;
				GCC_WARN_UNINITIALIZED_AUTOS = YES_AGGRESSIVE;
				GCC_WARN_UNUSED_FUNCTION = YES;
				GCC_WARN_UNUSED_VARIABLE = YES;
				IPHONEOS_DEPLOYMENT_TARGET = 16.1;
				MTL_ENABLE_DEBUG_INFO = NO;
				MTL_FAST_MATH = YES;
				SDKROOT = iphoneos;
				SWIFT_COMPILATION_MODE = wholemodule;
				SWIFT_OPTIMIZATION_LEVEL = "-O";
				VALIDATE_PRODUCT = YES;
			};
			name = Release;
		};
		7AFDF59E29B82AA00013C779 /* Debug */ = {
			isa = XCBuildConfiguration;
			buildSettings = {
				ASSETCATALOG_COMPILER_APPICON_NAME = AppIcon;
				ASSETCATALOG_COMPILER_GLOBAL_ACCENT_COLOR_NAME = AccentColor;
				CODE_SIGN_STYLE = Automatic;
				CURRENT_PROJECT_VERSION = 1;
				DEVELOPMENT_TEAM = 6Q7JFK5S7V;
				GENERATE_INFOPLIST_FILE = YES;
				INFOPLIST_FILE = UnsplashTest/Info.plist;
				INFOPLIST_KEY_UIApplicationSupportsIndirectInputEvents = YES;
				INFOPLIST_KEY_UISupportedInterfaceOrientations = UIInterfaceOrientationPortrait;
				LD_RUNPATH_SEARCH_PATHS = (
					"$(inherited)",
					"@executable_path/Frameworks",
				);
				MARKETING_VERSION = 1.0;
				PRODUCT_BUNDLE_IDENTIFIER = Me.UnsplashTest;
				PRODUCT_NAME = "$(TARGET_NAME)";
				SWIFT_EMIT_LOC_STRINGS = YES;
				SWIFT_VERSION = 5.0;
				TARGETED_DEVICE_FAMILY = "1,2";
			};
			name = Debug;
		};
		7AFDF59F29B82AA00013C779 /* Release */ = {
			isa = XCBuildConfiguration;
			buildSettings = {
				ASSETCATALOG_COMPILER_APPICON_NAME = AppIcon;
				ASSETCATALOG_COMPILER_GLOBAL_ACCENT_COLOR_NAME = AccentColor;
				CODE_SIGN_STYLE = Automatic;
				CURRENT_PROJECT_VERSION = 1;
				DEVELOPMENT_TEAM = 6Q7JFK5S7V;
				GENERATE_INFOPLIST_FILE = YES;
				INFOPLIST_FILE = UnsplashTest/Info.plist;
				INFOPLIST_KEY_UIApplicationSupportsIndirectInputEvents = YES;
				INFOPLIST_KEY_UISupportedInterfaceOrientations = UIInterfaceOrientationPortrait;
				LD_RUNPATH_SEARCH_PATHS = (
					"$(inherited)",
					"@executable_path/Frameworks",
				);
				MARKETING_VERSION = 1.0;
				PRODUCT_BUNDLE_IDENTIFIER = Me.UnsplashTest;
				PRODUCT_NAME = "$(TARGET_NAME)";
				SWIFT_EMIT_LOC_STRINGS = YES;
				SWIFT_VERSION = 5.0;
				TARGETED_DEVICE_FAMILY = "1,2";
			};
			name = Release;
		};
		7AFDF5A129B82AA00013C779 /* Debug */ = {
			isa = XCBuildConfiguration;
			buildSettings = {
				ALWAYS_EMBED_SWIFT_STANDARD_LIBRARIES = YES;
				BUNDLE_LOADER = "$(TEST_HOST)";
				CODE_SIGN_STYLE = Automatic;
				CURRENT_PROJECT_VERSION = 1;
				DEVELOPMENT_TEAM = 6Q7JFK5S7V;
				GENERATE_INFOPLIST_FILE = YES;
				IPHONEOS_DEPLOYMENT_TARGET = 16.1;
				MARKETING_VERSION = 1.0;
				PRODUCT_BUNDLE_IDENTIFIER = Me.UnsplashTestTests;
				PRODUCT_NAME = "$(TARGET_NAME)";
				SWIFT_EMIT_LOC_STRINGS = NO;
				SWIFT_VERSION = 5.0;
				TARGETED_DEVICE_FAMILY = "1,2";
				TEST_HOST = "$(BUILT_PRODUCTS_DIR)/UnsplashTest.app/$(BUNDLE_EXECUTABLE_FOLDER_PATH)/UnsplashTest";
			};
			name = Debug;
		};
		7AFDF5A229B82AA00013C779 /* Release */ = {
			isa = XCBuildConfiguration;
			buildSettings = {
				ALWAYS_EMBED_SWIFT_STANDARD_LIBRARIES = YES;
				BUNDLE_LOADER = "$(TEST_HOST)";
				CODE_SIGN_STYLE = Automatic;
				CURRENT_PROJECT_VERSION = 1;
				DEVELOPMENT_TEAM = 6Q7JFK5S7V;
				GENERATE_INFOPLIST_FILE = YES;
				IPHONEOS_DEPLOYMENT_TARGET = 16.1;
				MARKETING_VERSION = 1.0;
				PRODUCT_BUNDLE_IDENTIFIER = Me.UnsplashTestTests;
				PRODUCT_NAME = "$(TARGET_NAME)";
				SWIFT_EMIT_LOC_STRINGS = NO;
				SWIFT_VERSION = 5.0;
				TARGETED_DEVICE_FAMILY = "1,2";
				TEST_HOST = "$(BUILT_PRODUCTS_DIR)/UnsplashTest.app/$(BUNDLE_EXECUTABLE_FOLDER_PATH)/UnsplashTest";
			};
			name = Release;
		};
/* End XCBuildConfiguration section */

/* Begin XCConfigurationList section */
		7AFDF56E29B82A9F0013C779 /* Build configuration list for PBXProject "UnsplashTest" */ = {
			isa = XCConfigurationList;
			buildConfigurations = (
				7AFDF59B29B82AA00013C779 /* Debug */,
				7AFDF59C29B82AA00013C779 /* Release */,
			);
			defaultConfigurationIsVisible = 0;
			defaultConfigurationName = Release;
		};
		7AFDF59D29B82AA00013C779 /* Build configuration list for PBXNativeTarget "UnsplashTest" */ = {
			isa = XCConfigurationList;
			buildConfigurations = (
				7AFDF59E29B82AA00013C779 /* Debug */,
				7AFDF59F29B82AA00013C779 /* Release */,
			);
			defaultConfigurationIsVisible = 0;
			defaultConfigurationName = Release;
		};
		7AFDF5A029B82AA00013C779 /* Build configuration list for PBXNativeTarget "UnsplashTestTests" */ = {
			isa = XCConfigurationList;
			buildConfigurations = (
				7AFDF5A129B82AA00013C779 /* Debug */,
				7AFDF5A229B82AA00013C779 /* Release */,
			);
			defaultConfigurationIsVisible = 0;
			defaultConfigurationName = Release;
		};
/* End XCConfigurationList section */
	};
	rootObject = 7AFDF56B29B82A9F0013C779 /* Project object */;
}
